<?xml version="1.0" encoding="utf-8"?>
<Project ToolsVersion="4.0" xmlns="http://schemas.microsoft.com/developer/msbuild/2003">
  <ItemGroup>
    <Filter Include="AdeptCode">
      <UniqueIdentifier>{AEDFC13B-1A4A-76B2-6388-2758CF315407}</UniqueIdentifier>
    </Filter>
  </ItemGroup>
  <ItemGroup>
    <ClInclude Include="src\AdeptCode.h" />
    <ClInclude Include="src\AdeptCode\Application.h">
      <Filter>AdeptCode</Filter>
    </ClInclude>
    <ClInclude Include="src\AdeptCode\Core.h">
      <Filter>AdeptCode</Filter>
    </ClInclude>
    <ClInclude Include="src\AdeptCode\EntryPoint.h">
      <Filter>AdeptCode</Filter>
    </ClInclude>
  </ItemGroup>
  <ItemGroup>
    <ClCompile Include="src\AdeptCode\Application.cpp">
      <Filter>AdeptCode</Filter>
    </ClCompile>
  </ItemGroup>
</Project>